
Microsoft Visual Studio Solution File, Format Version 12.00
# Visual Studio Version 17
VisualStudioVersion = 17.7.34202.233
MinimumVisualStudioVersion = 10.0.40219.1
Project("{FAE04EC0-301F-11D3-BF4B-00C04F79EFBC}") = "ConsoleApp1", "ConsoleApp1\ConsoleApp1.csproj", "{67C31BBD-5A56-4881-8807-60EEA0DFAA5D}"
EndProject
Global
	GlobalSection(SolutionConfigurationPlatforms) = preSolution
		Debug|Any CPU = Debug|Any CPU
		Release|Any CPU = Release|Any CPU
	EndGlobalSection
	GlobalSection(ProjectConfigurationPlatforms) = postSolution
		{67C31BBD-5A56-4881-8807-60EEA0DFAA5D}.Debug|Any CPU.ActiveCfg = Debug|Any CPU
		{67C31BBD-5A56-4881-8807-60EEA0DFAA5D}.Debug|Any CPU.Build.0 = Debug|Any CPU
		{67C31BBD-5A56-4881-8807-60EEA0DFAA5D}.Release|Any CPU.ActiveCfg = Release|Any CPU
		{67C31BBD-5A56-4881-8807-60EEA0DFAA5D}.Release|Any CPU.Build.0 = Release|Any CPU
	EndGlobalSection
	GlobalSection(SolutionProperties) = preSolution
		HideSolutionNode = FALSE
	EndGlobalSection
	GlobalSection(ExtensibilityGlobals) = postSolution
		SolutionGuid = {3BC7BA25-3BF2-4195-B471-145863DD48AB}
	EndGlobalSection
EndGlobal
